{
  "name": "templates",
  "version": "0.0.0",
  "lockfileVersion": 3,
  "requires": true,
  "packages": {
    "": {
      "name": "templates",
      "version": "0.0.0",
      "dependencies": {
        "react": "^19.1.0",
        "react-dom": "^19.1.0"
      },
      "devDependencies": {
        "@eslint/js": "^9.25.0",
        "@types/react": "^19.1.2",
        "@types/react-dom": "^19.1.2",
        "@vitejs/plugin-react": "^4.4.1",
        "eslint": "^9.29.0",
        "eslint-plugin-react-hooks": "^5.2.0",
        "eslint-plugin-react-refresh": "^0.4.19",
        "globals": "^16.0.0",
        "husky": "^9.1.7",
        "lint-staged": "^16.1.2",
        "prettier": "^3.5.3",
        "typescript": "~5.8.3",
        "typescript-eslint": "^8.30.1",
        "vite": "^6.3.5"
      }
    },
    "node_modules/react": {
      "version": "19.1.0",
      "resolved": "",
      "integrity": ""
    },
    "node_modules/react-dom": {
      "version": "19.1.0",
      "resolved": "",
      "integrity": ""
    },
    "node_modules/@eslint/js": {
      "version": "9.25.0",
      "resolved": "",
      "integrity": ""
    },
    "node_modules/@types/react": {
      "version": "19.1.2",
      "resolved": "",
      "integrity": ""
    },
    "node_modules/@types/react-dom": {
      "version": "19.1.2",
      "resolved": "",
      "integrity": ""
    },
    "node_modules/@vitejs/plugin-react": {
      "version": "4.4.1",
      "resolved": "",
      "integrity": ""
    },
    "node_modules/eslint": {
      "version": "9.29.0",
      "resolved": "",
      "integrity": ""
    },
    "node_modules/eslint-plugin-react-hooks": {
      "version": "5.2.0",
      "resolved": "",
      "integrity": ""
    },
    "node_modules/eslint-plugin-react-refresh": {
      "version": "0.4.19",
      "resolved": "",
      "integrity": ""
    },
    "node_modules/globals": {
      "version": "16.0.0",
      "resolved": "",
      "integrity": ""
    },
    "node_modules/husky": {
      "version": "9.1.7",
      "resolved": "",
      "integrity": ""
    },
    "node_modules/lint-staged": {
      "version": "16.1.2",
      "resolved": "",
      "integrity": ""
    },
    "node_modules/prettier": {
      "version": "3.5.3",
      "resolved": "",
      "integrity": ""
    },
    "node_modules/typescript": {
      "version": "5.8.3",
      "resolved": "",
      "integrity": ""
    },
    "node_modules/typescript-eslint": {
      "version": "8.30.1",
      "resolved": "",
      "integrity": ""
    },
    "node_modules/vite": {
      "version": "6.3.5",
      "resolved": "",
      "integrity": ""
    }
  }
}